
Microsoft Visual Studio Solution File, Format Version 12.00
# Visual Studio Version 16
VisualStudioVersion = 16.0.30523.141
MinimumVisualStudioVersion = 10.0.40219.1
Project("{FAE04EC0-301F-11D3-BF4B-00C04F79EFBC}") = "Blogger", "Blogger\Blogger.csproj", "{EDF73962-DC2A-4114-B060-CAC82E6F54CE}"
EndProject
Global
	GlobalSection(SolutionConfigurationPlatforms) = preSolution
		Debug|Any CPU = Debug|Any CPU
		Release|Any CPU = Release|Any CPU
	EndGlobalSection
	GlobalSection(ProjectConfigurationPlatforms) = postSolution
		{EDF73962-DC2A-4114-B060-CAC82E6F54CE}.Debug|Any CPU.ActiveCfg = Debug|Any CPU
		{EDF73962-DC2A-4114-B060-CAC82E6F54CE}.Debug|Any CPU.Build.0 = Debug|Any CPU
		{EDF73962-DC2A-4114-B060-CAC82E6F54CE}.Release|Any CPU.ActiveCfg = Release|Any CPU
		{EDF73962-DC2A-4114-B060-CAC82E6F54CE}.Release|Any CPU.Build.0 = Release|Any CPU
	EndGlobalSection
	GlobalSection(SolutionProperties) = preSolution
		HideSolutionNode = FALSE
	EndGlobalSection
	GlobalSection(ExtensibilityGlobals) = postSolution
		SolutionGuid = {85E68253-D2CD-40C5-9A57-F0D905C5165B}
	EndGlobalSection
EndGlobal
